
Microsoft Visual Studio Solution File, Format Version 12.00
# Visual Studio Version 16
VisualStudioVersion = 16.0.31205.134
MinimumVisualStudioVersion = 10.0.40219.1
Project("{FAE04EC0-301F-11D3-BF4B-00C04F79EFBC}") = "TestingRegex", "TestingRegex\TestingRegex.csproj", "{7F7A8E5D-9AD4-4CCA-866F-D3D3BA435293}"
EndProject
Project("{FAE04EC0-301F-11D3-BF4B-00C04F79EFBC}") = "UnitTestProject1", "UnitTestProject1\UnitTestProject1.csproj", "{7F15AEFF-15C3-4F8D-9A69-BC6F7CF1C95A}"
EndProject
Global
	GlobalSection(SolutionConfigurationPlatforms) = preSolution
		Debug|Any CPU = Debug|Any CPU
		Release|Any CPU = Release|Any CPU
	EndGlobalSection
	GlobalSection(ProjectConfigurationPlatforms) = postSolution
		{7F7A8E5D-9AD4-4CCA-866F-D3D3BA435293}.Debug|Any CPU.ActiveCfg = Debug|Any CPU
		{7F7A8E5D-9AD4-4CCA-866F-D3D3BA435293}.Debug|Any CPU.Build.0 = Debug|Any CPU
		{7F7A8E5D-9AD4-4CCA-866F-D3D3BA435293}.Release|Any CPU.ActiveCfg = Release|Any CPU
		{7F7A8E5D-9AD4-4CCA-866F-D3D3BA435293}.Release|Any CPU.Build.0 = Release|Any CPU
		{7F15AEFF-15C3-4F8D-9A69-BC6F7CF1C95A}.Debug|Any CPU.ActiveCfg = Debug|Any CPU
		{7F15AEFF-15C3-4F8D-9A69-BC6F7CF1C95A}.Debug|Any CPU.Build.0 = Debug|Any CPU
		{7F15AEFF-15C3-4F8D-9A69-BC6F7CF1C95A}.Release|Any CPU.ActiveCfg = Release|Any CPU
		{7F15AEFF-15C3-4F8D-9A69-BC6F7CF1C95A}.Release|Any CPU.Build.0 = Release|Any CPU
	EndGlobalSection
	GlobalSection(SolutionProperties) = preSolution
		HideSolutionNode = FALSE
	EndGlobalSection
	GlobalSection(ExtensibilityGlobals) = postSolution
		SolutionGuid = {467DCABA-BDA2-494C-A773-6E50606EB70B}
	EndGlobalSection
EndGlobal
